
Microsoft Visual Studio Solution File, Format Version 12.00
# Visual Studio Version 17
VisualStudioVersion = 17.9.34723.18
MinimumVisualStudioVersion = 10.0.40219.1
Project("{9A19103F-16F7-4668-BE54-9A1E7A4F7556}") = "BeneficiarioAPI", "BeneficiarioAPI\BeneficiarioAPI.csproj", "{021CB24F-4A21-4104-A2D3-EE225548933C}"
EndProject
Project("{9A19103F-16F7-4668-BE54-9A1E7A4F7556}") = "BeneficiarioWeb", "BeneficiarioWeb\BeneficiarioWeb.csproj", "{21F0C256-1A38-4D9E-A306-7A03D6DDDF88}"
EndProject
Global
	GlobalSection(SolutionConfigurationPlatforms) = preSolution
		Debug|Any CPU = Debug|Any CPU
		Release|Any CPU = Release|Any CPU
	EndGlobalSection
	GlobalSection(ProjectConfigurationPlatforms) = postSolution
		{021CB24F-4A21-4104-A2D3-EE225548933C}.Debug|Any CPU.ActiveCfg = Debug|Any CPU
		{021CB24F-4A21-4104-A2D3-EE225548933C}.Debug|Any CPU.Build.0 = Debug|Any CPU
		{021CB24F-4A21-4104-A2D3-EE225548933C}.Release|Any CPU.ActiveCfg = Release|Any CPU
		{021CB24F-4A21-4104-A2D3-EE225548933C}.Release|Any CPU.Build.0 = Release|Any CPU
		{21F0C256-1A38-4D9E-A306-7A03D6DDDF88}.Debug|Any CPU.ActiveCfg = Debug|Any CPU
		{21F0C256-1A38-4D9E-A306-7A03D6DDDF88}.Debug|Any CPU.Build.0 = Debug|Any CPU
		{21F0C256-1A38-4D9E-A306-7A03D6DDDF88}.Release|Any CPU.ActiveCfg = Release|Any CPU
		{21F0C256-1A38-4D9E-A306-7A03D6DDDF88}.Release|Any CPU.Build.0 = Release|Any CPU
	EndGlobalSection
	GlobalSection(SolutionProperties) = preSolution
		HideSolutionNode = FALSE
	EndGlobalSection
	GlobalSection(ExtensibilityGlobals) = postSolution
		SolutionGuid = {92729EA0-CE3B-4619-8D1F-FAC545B8EAEC}
	EndGlobalSection
EndGlobal
